
Microsoft Visual Studio Solution File, Format Version 12.00
# Visual Studio Version 17
VisualStudioVersion = 17.13.35825.156 d17.13
MinimumVisualStudioVersion = 10.0.40219.1
Project("{FAE04EC0-301F-11D3-BF4B-00C04F79EFBC}") = "E_CommerceWebsite", "E_CommerceWebsite\E_CommerceWebsite.csproj", "{EEB6E45B-5EB2-424F-9059-14DB01E88523}"
EndProject
Global
	GlobalSection(SolutionConfigurationPlatforms) = preSolution
		Debug|Any CPU = Debug|Any CPU
		Release|Any CPU = Release|Any CPU
	EndGlobalSection
	GlobalSection(ProjectConfigurationPlatforms) = postSolution
		{EEB6E45B-5EB2-424F-9059-14DB01E88523}.Debug|Any CPU.ActiveCfg = Debug|Any CPU
		{EEB6E45B-5EB2-424F-9059-14DB01E88523}.Debug|Any CPU.Build.0 = Debug|Any CPU
		{EEB6E45B-5EB2-424F-9059-14DB01E88523}.Release|Any CPU.ActiveCfg = Release|Any CPU
		{EEB6E45B-5EB2-424F-9059-14DB01E88523}.Release|Any CPU.Build.0 = Release|Any CPU
	EndGlobalSection
	GlobalSection(SolutionProperties) = preSolution
		HideSolutionNode = FALSE
	EndGlobalSection
	GlobalSection(ExtensibilityGlobals) = postSolution
		SolutionGuid = {74A23071-5C3D-4555-9778-1E334CE07725}
	EndGlobalSection
EndGlobal
